
Microsoft Visual Studio Solution File, Format Version 12.00
# Visual Studio Version 16
VisualStudioVersion = 16.0.30002.166
MinimumVisualStudioVersion = 10.0.40219.1
Project("{FAE04EC0-301F-11D3-BF4B-00C04F79EFBC}") = "WebApplication1", "WebApplication1\WebApplication1.csproj", "{82835581-E8F7-4293-8EC8-BA4507B9DAFB}"
EndProject
Global
	GlobalSection(SolutionConfigurationPlatforms) = preSolution
		Debug|Any CPU = Debug|Any CPU
		Release|Any CPU = Release|Any CPU
	EndGlobalSection
	GlobalSection(ProjectConfigurationPlatforms) = postSolution
		{82835581-E8F7-4293-8EC8-BA4507B9DAFB}.Debug|Any CPU.ActiveCfg = Debug|Any CPU
		{82835581-E8F7-4293-8EC8-BA4507B9DAFB}.Debug|Any CPU.Build.0 = Debug|Any CPU
		{82835581-E8F7-4293-8EC8-BA4507B9DAFB}.Release|Any CPU.ActiveCfg = Release|Any CPU
		{82835581-E8F7-4293-8EC8-BA4507B9DAFB}.Release|Any CPU.Build.0 = Release|Any CPU
	EndGlobalSection
	GlobalSection(SolutionProperties) = preSolution
		HideSolutionNode = FALSE
	EndGlobalSection
	GlobalSection(ExtensibilityGlobals) = postSolution
		SolutionGuid = {8DD40A4A-8A19-4232-B91B-08A3BC468E08}
	EndGlobalSection
EndGlobal
